<?xml version="1.0" encoding="utf-8"?>
<Project ToolsVersion="4.0" xmlns="http://schemas.microsoft.com/developer/msbuild/2003">
  <ItemGroup>
    <Filter Include="Source Files">
      <UniqueIdentifier>{4FC737F1-C7A5-4376-A066-2A32D752A2FF}</UniqueIdentifier>
      <Extensions>cpp;c;cc;cxx;def;odl;idl;hpj;bat;asm;asmx</Extensions>
    </Filter>
    <Filter Include="Header Files">
      <UniqueIdentifier>{93995380-89BD-4b04-88EB-625FBE52EBFB}</UniqueIdentifier>
      <Extensions>h;hpp;hxx;hm;inl;inc;xsd</Extensions>
    </Filter>
    <Filter Include="Resource Files">
      <UniqueIdentifier>{67DA6AB6-F800-4c08-8B7A-83BB121AAD01}</UniqueIdentifier>
      <Extensions>rc;ico;cur;bmp;dlg;rc2;rct;bin;rgs;gif;jpg;jpeg;jpe;resx;tiff;tif;png;wav;mfcribbon-ms</Extensions>
    </Filter>
  </ItemGroup>
  <ItemGroup>
    <None Include="ReadMe.txt" />
    <None Include="app.ico">
      <Filter>Resource Files</Filter>
    </None>
    <None Include="database.sql">
      <Filter>Resource Files</Filter>
    </None>
    <None Include="perosnIDs.dat">
      <Filter>Resource Files</Filter>
    </None>
    <None Include="key.dat">
      <Filter>Resource Files</Filter>
    </None>
  </ItemGroup>
  <ItemGroup>
    <ClCompile Include="Face Identifier.cpp">
      <Filter>Source Files</Filter>
    </ClCompile>
    <ClCompile Include="AssemblyInfo.cpp">
      <Filter>Source Files</Filter>
    </ClCompile>
    <ClCompile Include="stdafx.cpp">
      <Filter>Source Files</Filter>
    </ClCompile>
    <ClCompile Include="Main.cpp">
      <Filter>Source Files</Filter>
    </ClCompile>
    <ClCompile Include="NewPerson.cpp">
      <Filter>Source Files</Filter>
    </ClCompile>
    <ClCompile Include="AcceptFace.cpp">
      <Filter>Source Files</Filter>
    </ClCompile>
    <ClCompile Include="_FaceRecognizer.cpp">
      <Filter>Source Files</Filter>
    </ClCompile>
    <ClCompile Include="_String.cpp">
      <Filter>Source Files</Filter>
    </ClCompile>
    <ClCompile Include="DetectFace.cpp">
      <Filter>Source Files</Filter>
    </ClCompile>
    <ClCompile Include="Splash.cpp">
      <Filter>Source Files</Filter>
    </ClCompile>
    <ClCompile Include="Database.cpp">
      <Filter>Source Files</Filter>
    </ClCompile>
    <ClCompile Include="Loading.cpp">
      <Filter>Source Files</Filter>
    </ClCompile>
    <ClCompile Include="Common.cpp">
      <Filter>Source Files</Filter>
    </ClCompile>
  </ItemGroup>
  <ItemGroup>
    <ClInclude Include="stdafx.h">
      <Filter>Header Files</Filter>
    </ClInclude>
    <ClInclude Include="Main.h">
      <Filter>Header Files</Filter>
    </ClInclude>
    <ClInclude Include="NewPerson.h">
      <Filter>Header Files</Filter>
    </ClInclude>
    <ClInclude Include="AcceptFace.h">
      <Filter>Header Files</Filter>
    </ClInclude>
    <ClInclude Include="resource.h">
      <Filter>Header Files</Filter>
    </ClInclude>
    <ClInclude Include="_FaceRecognizer.h">
      <Filter>Header Files</Filter>
    </ClInclude>
    <ClInclude Include="_String.h">
      <Filter>Header Files</Filter>
    </ClInclude>
    <ClInclude Include="Common.h">
      <Filter>Header Files</Filter>
    </ClInclude>
    <ClInclude Include="Database.h">
      <Filter>Header Files</Filter>
    </ClInclude>
    <ClInclude Include="DetectFace.h">
      <Filter>Header Files</Filter>
    </ClInclude>
    <ClInclude Include="GlobalVars.h">
      <Filter>Header Files</Filter>
    </ClInclude>
    <ClInclude Include="Loading.h">
      <Filter>Header Files</Filter>
    </ClInclude>
    <ClInclude Include="Splash.h">
      <Filter>Header Files</Filter>
    </ClInclude>
  </ItemGroup>
  <ItemGroup>
    <ResourceCompile Include="app.rc">
      <Filter>Resource Files</Filter>
    </ResourceCompile>
  </ItemGroup>
  <ItemGroup>
    <EmbeddedResource Include="Splash.resx">
      <Filter>Resource Files</Filter>
    </EmbeddedResource>
    <EmbeddedResource Include="NewPerson.resx">
      <Filter>Resource Files</Filter>
    </EmbeddedResource>
    <EmbeddedResource Include="AcceptFace.resx">
      <Filter>Resource Files</Filter>
    </EmbeddedResource>
    <EmbeddedResource Include="Main.resx">
      <Filter>Resource Files</Filter>
    </EmbeddedResource>
    <EmbeddedResource Include="DetectFace.resx">
      <Filter>Resource Files</Filter>
    </EmbeddedResource>
  </ItemGroup>
  <ItemGroup>
    <Xml Include="haarcascade_frontalface_alt.xml">
      <Filter>Resource Files</Filter>
    </Xml>
    <Xml Include="haarcascade_frontalface_alt_tree.xml">
      <Filter>Resource Files</Filter>
    </Xml>
    <Xml Include="haarcascade_frontalface_alt2.xml">
      <Filter>Resource Files</Filter>
    </Xml>
    <Xml Include="haarcascade_frontalface_default.xml">
      <Filter>Resource Files</Filter>
    </Xml>
  </ItemGroup>
</Project>